
Microsoft Visual Studio Solution File, Format Version 12.00
# Visual Studio Version 17
VisualStudioVersion = 17.8.34322.80
MinimumVisualStudioVersion = 10.0.40219.1
Project("{FAE04EC0-301F-11D3-BF4B-00C04F79EFBC}") = "ShaTask", "ShaTask\ShaTask.csproj", "{D1AEA1F1-34FC-41E0-8C80-2E578B0ACFFD}"
EndProject
Project("{FAE04EC0-301F-11D3-BF4B-00C04F79EFBC}") = "ShaTask.Entities", "ShaTask.Entities\ShaTask.Entities.csproj", "{E6900D8B-235C-456D-BCCE-362BE1157A79}"
EndProject
Project("{FAE04EC0-301F-11D3-BF4B-00C04F79EFBC}") = "ShaTask.Persistence", "ShaTask.Persistence\ShaTask.Persistence.csproj", "{8E0850EE-8F9C-4E8D-8367-1DFA83253A4B}"
EndProject
Project("{FAE04EC0-301F-11D3-BF4B-00C04F79EFBC}") = "ShaTask.Services", "ShaTask.Services\ShaTask.Services.csproj", "{DDA151F4-502E-48F1-9A5C-8731FF7F78AF}"
EndProject
Global
	GlobalSection(SolutionConfigurationPlatforms) = preSolution
		Debug|Any CPU = Debug|Any CPU
		Release|Any CPU = Release|Any CPU
	EndGlobalSection
	GlobalSection(ProjectConfigurationPlatforms) = postSolution
		{D1AEA1F1-34FC-41E0-8C80-2E578B0ACFFD}.Debug|Any CPU.ActiveCfg = Debug|Any CPU
		{D1AEA1F1-34FC-41E0-8C80-2E578B0ACFFD}.Debug|Any CPU.Build.0 = Debug|Any CPU
		{D1AEA1F1-34FC-41E0-8C80-2E578B0ACFFD}.Release|Any CPU.ActiveCfg = Release|Any CPU
		{D1AEA1F1-34FC-41E0-8C80-2E578B0ACFFD}.Release|Any CPU.Build.0 = Release|Any CPU
		{E6900D8B-235C-456D-BCCE-362BE1157A79}.Debug|Any CPU.ActiveCfg = Debug|Any CPU
		{E6900D8B-235C-456D-BCCE-362BE1157A79}.Debug|Any CPU.Build.0 = Debug|Any CPU
		{E6900D8B-235C-456D-BCCE-362BE1157A79}.Release|Any CPU.ActiveCfg = Release|Any CPU
		{E6900D8B-235C-456D-BCCE-362BE1157A79}.Release|Any CPU.Build.0 = Release|Any CPU
		{8E0850EE-8F9C-4E8D-8367-1DFA83253A4B}.Debug|Any CPU.ActiveCfg = Debug|Any CPU
		{8E0850EE-8F9C-4E8D-8367-1DFA83253A4B}.Debug|Any CPU.Build.0 = Debug|Any CPU
		{8E0850EE-8F9C-4E8D-8367-1DFA83253A4B}.Release|Any CPU.ActiveCfg = Release|Any CPU
		{8E0850EE-8F9C-4E8D-8367-1DFA83253A4B}.Release|Any CPU.Build.0 = Release|Any CPU
		{DDA151F4-502E-48F1-9A5C-8731FF7F78AF}.Debug|Any CPU.ActiveCfg = Debug|Any CPU
		{DDA151F4-502E-48F1-9A5C-8731FF7F78AF}.Debug|Any CPU.Build.0 = Debug|Any CPU
		{DDA151F4-502E-48F1-9A5C-8731FF7F78AF}.Release|Any CPU.ActiveCfg = Release|Any CPU
		{DDA151F4-502E-48F1-9A5C-8731FF7F78AF}.Release|Any CPU.Build.0 = Release|Any CPU
	EndGlobalSection
	GlobalSection(SolutionProperties) = preSolution
		HideSolutionNode = FALSE
	EndGlobalSection
	GlobalSection(ExtensibilityGlobals) = postSolution
		SolutionGuid = {F108A7C2-6F91-4D6B-BF9C-385138828D14}
	EndGlobalSection
EndGlobal
